// !$*UTF8*$!
{
	archiveVersion = 1;
	classes = {
	};
	objectVersion = 50;
	objects = {

/* Begin PBXBuildFile section */
		3748B9F122E9FC48004C638E /* AppDelegate.swift in Sources */ = {isa = PBXBuildFile; fileRef = 3748B9F022E9FC48004C638E /* AppDelegate.swift */; };
		3748B9F322E9FC48004C638E /* ViewController.swift in Sources */ = {isa = PBXBuildFile; fileRef = 3748B9F222E9FC48004C638E /* ViewController.swift */; };
		3748B9F622E9FC48004C638E /* Main.storyboard in Resources */ = {isa = PBXBuildFile; fileRef = 3748B9F422E9FC48004C638E /* Main.storyboard */; };
		3748B9F822E9FC4B004C638E /* Assets.xcassets in Resources */ = {isa = PBXBuildFile; fileRef = 3748B9F722E9FC4B004C638E /* Assets.xcassets */; };
		3748B9FB22E9FC4B004C638E /* LaunchScreen.storyboard in Resources */ = {isa = PBXBuildFile; fileRef = 3748B9F922E9FC4B004C638E /* LaunchScreen.storyboard */; };
		3748BA0622E9FC4B004C638E /* WeatherTests.swift in Sources */ = {isa = PBXBuildFile; fileRef = 3748BA0522E9FC4B004C638E /* WeatherTests.swift */; };
		3748BA1122E9FE6D004C638E /* WeatherDataModel.swift in Sources */ = {isa = PBXBuildFile; fileRef = 3748BA1022E9FE6D004C638E /* WeatherDataModel.swift */; };
		3748BA1722EA65A2004C638E /* WeatherView.swift in Sources */ = {isa = PBXBuildFile; fileRef = 3748BA1622EA65A2004C638E /* WeatherView.swift */; };
		3748BA1922EA65D9004C638E /* WeatherViewModel.swift in Sources */ = {isa = PBXBuildFile; fileRef = 3748BA1822EA65D9004C638E /* WeatherViewModel.swift */; };
/* End PBXBuildFile section */

/* Begin PBXContainerItemProxy section */
		3748BA0222E9FC4B004C638E /* PBXContainerItemProxy */ = {
			isa = PBXContainerItemProxy;
			containerPortal = 3748B9E522E9FC48004C638E /* Project object */;
			proxyType = 1;
			remoteGlobalIDString = 3748B9EC22E9FC48004C638E;
			remoteInfo = Weather;
		};
/* End PBXContainerItemProxy section */

/* Begin PBXFileReference section */
		3748B9ED22E9FC48004C638E /* Weather.app */ = {isa = PBXFileReference; explicitFileType = wrapper.application; includeInIndex = 0; path = Weather.app; sourceTree = BUILT_PRODUCTS_DIR; };
		3748B9F022E9FC48004C638E /* AppDelegate.swift */ = {isa = PBXFileReference; lastKnownFileType = sourcecode.swift; path = AppDelegate.swift; sourceTree = "<group>"; };
		3748B9F222E9FC48004C638E /* ViewController.swift */ = {isa = PBXFileReference; lastKnownFileType = sourcecode.swift; path = ViewController.swift; sourceTree = "<group>"; };
		3748B9F522E9FC48004C638E /* Base */ = {isa = PBXFileReference; lastKnownFileType = file.storyboard; name = Base; path = Base.lproj/Main.storyboard; sourceTree = "<group>"; };
		3748B9F722E9FC4B004C638E /* Assets.xcassets */ = {isa = PBXFileReference; lastKnownFileType = folder.assetcatalog; path = Assets.xcassets; sourceTree = "<group>"; };
		3748B9FA22E9FC4B004C638E /* Base */ = {isa = PBXFileReference; lastKnownFileType = file.storyboard; name = Base; path = Base.lproj/LaunchScreen.storyboard; sourceTree = "<group>"; };
		3748B9FC22E9FC4B004C638E /* Info.plist */ = {isa = PBXFileReference; lastKnownFileType = text.plist.xml; path = Info.plist; sourceTree = "<group>"; };
		3748BA0122E9FC4B004C638E /* WeatherTests.xctest */ = {isa = PBXFileReference; explicitFileType = wrapper.cfbundle; includeInIndex = 0; path = WeatherTests.xctest; sourceTree = BUILT_PRODUCTS_DIR; };
		3748BA0522E9FC4B004C638E /* WeatherTests.swift */ = {isa = PBXFileReference; lastKnownFileType = sourcecode.swift; path = WeatherTests.swift; sourceTree = "<group>"; };
		3748BA0722E9FC4B004C638E /* Info.plist */ = {isa = PBXFileReference; lastKnownFileType = text.plist.xml; path = Info.plist; sourceTree = "<group>"; };
		3748BA1022E9FE6D004C638E /* WeatherDataModel.swift */ = {isa = PBXFileReference; lastKnownFileType = sourcecode.swift; path = WeatherDataModel.swift; sourceTree = "<group>"; };
		3748BA1622EA65A2004C638E /* WeatherView.swift */ = {isa = PBXFileReference; lastKnownFileType = sourcecode.swift; path = WeatherView.swift; sourceTree = "<group>"; };
		3748BA1822EA65D9004C638E /* WeatherViewModel.swift */ = {isa = PBXFileReference; lastKnownFileType = sourcecode.swift; path = WeatherViewModel.swift; sourceTree = "<group>"; };
/* End PBXFileReference section */

/* Begin PBXFrameworksBuildPhase section */
		3748B9EA22E9FC48004C638E /* Frameworks */ = {
			isa = PBXFrameworksBuildPhase;
			buildActionMask = 2147483647;
			files = (
			);
			runOnlyForDeploymentPostprocessing = 0;
		};
		3748B9FE22E9FC4B004C638E /* Frameworks */ = {
			isa = PBXFrameworksBuildPhase;
			buildActionMask = 2147483647;
			files = (
			);
			runOnlyForDeploymentPostprocessing = 0;
		};
/* End PBXFrameworksBuildPhase section */

/* Begin PBXGroup section */
		3748B9E422E9FC48004C638E = {
			isa = PBXGroup;
			children = (
				3748B9EF22E9FC48004C638E /* Weather */,
				3748BA0422E9FC4B004C638E /* WeatherTests */,
				3748B9EE22E9FC48004C638E /* Products */,
			);
			sourceTree = "<group>";
		};
		3748B9EE22E9FC48004C638E /* Products */ = {
			isa = PBXGroup;
			children = (
				3748B9ED22E9FC48004C638E /* Weather.app */,
				3748BA0122E9FC4B004C638E /* WeatherTests.xctest */,
			);
			name = Products;
			sourceTree = "<group>";
		};
		3748B9EF22E9FC48004C638E /* Weather */ = {
			isa = PBXGroup;
			children = (
				3748B9F022E9FC48004C638E /* AppDelegate.swift */,
				3748B9F222E9FC48004C638E /* ViewController.swift */,
				3748BA1022E9FE6D004C638E /* WeatherDataModel.swift */,
				3748B9F422E9FC48004C638E /* Main.storyboard */,
				3748B9F722E9FC4B004C638E /* Assets.xcassets */,
				3748B9F922E9FC4B004C638E /* LaunchScreen.storyboard */,
				3748B9FC22E9FC4B004C638E /* Info.plist */,
				3748BA1622EA65A2004C638E /* WeatherView.swift */,
				3748BA1822EA65D9004C638E /* WeatherViewModel.swift */,
			);
			path = Weather;
			sourceTree = "<group>";
		};
		3748BA0422E9FC4B004C638E /* WeatherTests */ = {
			isa = PBXGroup;
			children = (
				3748BA0522E9FC4B004C638E /* WeatherTests.swift */,
				3748BA0722E9FC4B004C638E /* Info.plist */,
			);
			path = WeatherTests;
			sourceTree = "<group>";
		};
/* End PBXGroup section */

/* Begin PBXNativeTarget section */
		3748B9EC22E9FC48004C638E /* Weather */ = {
			isa = PBXNativeTarget;
			buildConfigurationList = 3748BA0A22E9FC4B004C638E /* Build configuration list for PBXNativeTarget "Weather" */;
			buildPhases = (
				3748B9E922E9FC48004C638E /* Sources */,
				3748B9EA22E9FC48004C638E /* Frameworks */,
				3748B9EB22E9FC48004C638E /* Resources */,
			);
			buildRules = (
			);
			dependencies = (
			);
			name = Weather;
			productName = Weather;
			productReference = 3748B9ED22E9FC48004C638E /* Weather.app */;
			productType = "com.apple.product-type.application";
		};
		3748BA0022E9FC4B004C638E /* WeatherTests */ = {
			isa = PBXNativeTarget;
			buildConfigurationList = 3748BA0D22E9FC4B004C638E /* Build configuration list for PBXNativeTarget "WeatherTests" */;
			buildPhases = (
				3748B9FD22E9FC4B004C638E /* Sources */,
				3748B9FE22E9FC4B004C638E /* Frameworks */,
				3748B9FF22E9FC4B004C638E /* Resources */,
			);
			buildRules = (
			);
			dependencies = (
				3748BA0322E9FC4B004C638E /* PBXTargetDependency */,
			);
			name = WeatherTests;
			productName = WeatherTests;
			productReference = 3748BA0122E9FC4B004C638E /* WeatherTests.xctest */;
			productType = "com.apple.product-type.bundle.unit-test";
		};
/* End PBXNativeTarget section */

/* Begin PBXProject section */
		3748B9E522E9FC48004C638E /* Project object */ = {
			isa = PBXProject;
			attributes = {
				LastSwiftUpdateCheck = 1020;
				LastUpgradeCheck = 1020;
				ORGANIZATIONNAME = "Amit Patel";
				TargetAttributes = {
					3748B9EC22E9FC48004C638E = {
						CreatedOnToolsVersion = 10.2.1;
					};
					3748BA0022E9FC4B004C638E = {
						CreatedOnToolsVersion = 10.2.1;
						TestTargetID = 3748B9EC22E9FC48004C638E;
					};
				};
			};
			buildConfigurationList = 3748B9E822E9FC48004C638E /* Build configuration list for PBXProject "Weather" */;
			compatibilityVersion = "Xcode 9.3";
			developmentRegion = en;
			hasScannedForEncodings = 0;
			knownRegions = (
				en,
				Base,
			);
			mainGroup = 3748B9E422E9FC48004C638E;
			productRefGroup = 3748B9EE22E9FC48004C638E /* Products */;
			projectDirPath = "";
			projectRoot = "";
			targets = (
				3748B9EC22E9FC48004C638E /* Weather */,
				3748BA0022E9FC4B004C638E /* WeatherTests */,
			);
		};
/* End PBXProject section */

/* Begin PBXResourcesBuildPhase section */
		3748B9EB22E9FC48004C638E /* Resources */ = {
			isa = PBXResourcesBuildPhase;
			buildActionMask = 2147483647;
			files = (
				3748B9FB22E9FC4B004C638E /* LaunchScreen.storyboard in Resources */,
				3748B9F822E9FC4B004C638E /* Assets.xcassets in Resources */,
				3748B9F622E9FC48004C638E /* Main.storyboard in Resources */,
			);
			runOnlyForDeploymentPostprocessing = 0;
		};
		3748B9FF22E9FC4B004C638E /* Resources */ = {
			isa = PBXResourcesBuildPhase;
			buildActionMask = 2147483647;
			files = (
			);
			runOnlyForDeploymentPostprocessing = 0;
		};
/* End PBXResourcesBuildPhase section */

/* Begin PBXSourcesBuildPhase section */
		3748B9E922E9FC48004C638E /* Sources */ = {
			isa = PBXSourcesBuildPhase;
			buildActionMask = 2147483647;
			files = (
				3748BA1922EA65D9004C638E /* WeatherViewModel.swift in Sources */,
				3748B9F322E9FC48004C638E /* ViewController.swift in Sources */,
				3748B9F122E9FC48004C638E /* AppDelegate.swift in Sources */,
				3748BA1122E9FE6D004C638E /* WeatherDataModel.swift in Sources */,
				3748BA1722EA65A2004C638E /* WeatherView.swift in Sources */,
			);
			runOnlyForDeploymentPostprocessing = 0;
		};
		3748B9FD22E9FC4B004C638E /* Sources */ = {
			isa = PBXSourcesBuildPhase;
			buildActionMask = 2147483647;
			files = (
				3748BA0622E9FC4B004C638E /* WeatherTests.swift in Sources */,
			);
			runOnlyForDeploymentPostprocessing = 0;
		};
/* End PBXSourcesBuildPhase section */

/* Begin PBXTargetDependency section */
		3748BA0322E9FC4B004C638E /* PBXTargetDependency */ = {
			isa = PBXTargetDependency;
			target = 3748B9EC22E9FC48004C638E /* Weather */;
			targetProxy = 3748BA0222E9FC4B004C638E /* PBXContainerItemProxy */;
		};
/* End PBXTargetDependency section */

/* Begin PBXVariantGroup section */
		3748B9F422E9FC48004C638E /* Main.storyboard */ = {
			isa = PBXVariantGroup;
			children = (
				3748B9F522E9FC48004C638E /* Base */,
			);
			name = Main.storyboard;
			sourceTree = "<group>";
		};
		3748B9F922E9FC4B004C638E /* LaunchScreen.storyboard */ = {
			isa = PBXVariantGroup;
			children = (
				3748B9FA22E9FC4B004C638E /* Base */,
			);
			name = LaunchScreen.storyboard;
			sourceTree = "<group>";
		};
/* End PBXVariantGroup section */

/* Begin XCBuildConfiguration section */
		3748BA0822E9FC4B004C638E /* Debug */ = {
			isa = XCBuildConfiguration;
			buildSettings = {
				ALWAYS_SEARCH_USER_PATHS = NO;
				CLANG_ANALYZER_NONNULL = YES;
				CLANG_ANALYZER_NUMBER_OBJECT_CONVERSION = YES_AGGRESSIVE;
				CLANG_CXX_LANGUAGE_STANDARD = "gnu++14";
				CLANG_CXX_LIBRARY = "libc++";
				CLANG_ENABLE_MODULES = YES;
				CLANG_ENABLE_OBJC_ARC = YES;
				CLANG_ENABLE_OBJC_WEAK = YES;
				CLANG_WARN_BLOCK_CAPTURE_AUTORELEASING = YES;
				CLANG_WARN_BOOL_CONVERSION = YES;
				CLANG_WARN_COMMA = YES;
				CLANG_WARN_CONSTANT_CONVERSION = YES;
				CLANG_WARN_DEPRECATED_OBJC_IMPLEMENTATIONS = YES;
				CLANG_WARN_DIRECT_OBJC_ISA_USAGE = YES_ERROR;
				CLANG_WARN_DOCUMENTATION_COMMENTS = YES;
				CLANG_WARN_EMPTY_BODY = YES;
				CLANG_WARN_ENUM_CONVERSION = YES;
				CLANG_WARN_INFINITE_RECURSION = YES;
				CLANG_WARN_INT_CONVERSION = YES;
				CLANG_WARN_NON_LITERAL_NULL_CONVERSION = YES;
				CLANG_WARN_OBJC_IMPLICIT_RETAIN_SELF = YES;
				CLANG_WARN_OBJC_LITERAL_CONVERSION = YES;
				CLANG_WARN_OBJC_ROOT_CLASS = YES_ERROR;
				CLANG_WARN_RANGE_LOOP_ANALYSIS = YES;
				CLANG_WARN_STRICT_PROTOTYPES = YES;
				CLANG_WARN_SUSPICIOUS_MOVE = YES;
				CLANG_WARN_UNGUARDED_AVAILABILITY = YES_AGGRESSIVE;
				CLANG_WARN_UNREACHABLE_CODE = YES;
				CLANG_WARN__DUPLICATE_METHOD_MATCH = YES;
				CODE_SIGN_IDENTITY = "iPhone Developer";
				COPY_PHASE_STRIP = NO;
				DEBUG_INFORMATION_FORMAT = dwarf;
				ENABLE_STRICT_OBJC_MSGSEND = YES;
				ENABLE_TESTABILITY = YES;
				GCC_C_LANGUAGE_STANDARD = gnu11;
				GCC_DYNAMIC_NO_PIC = NO;
				GCC_NO_COMMON_BLOCKS = YES;
				GCC_OPTIMIZATION_LEVEL = 0;
				GCC_PREPROCESSOR_DEFINITIONS = (
					"DEBUG=1",
					"$(inherited)",
				);
				GCC_WARN_64_TO_32_BIT_CONVERSION = YES;
				GCC_WARN_ABOUT_RETURN_TYPE = YES_ERROR;
				GCC_WARN_UNDECLARED_SELECTOR = YES;
				GCC_WARN_UNINITIALIZED_AUTOS = YES_AGGRESSIVE;
				GCC_WARN_UNUSED_FUNCTION = YES;
				GCC_WARN_UNUSED_VARIABLE = YES;
				IPHONEOS_DEPLOYMENT_TARGET = 12.2;
				MTL_ENABLE_DEBUG_INFO = INCLUDE_SOURCE;
				MTL_FAST_MATH = YES;
				ONLY_ACTIVE_ARCH = YES;
				SDKROOT = iphoneos;
				SWIFT_ACTIVE_COMPILATION_CONDITIONS = DEBUG;
				SWIFT_OPTIMIZATION_LEVEL = "-Onone";
			};
			name = Debug;
		};
		3748BA0922E9FC4B004C638E /* Release */ = {
			isa = XCBuildConfiguration;
			buildSettings = {
				ALWAYS_SEARCH_USER_PATHS = NO;
				CLANG_ANALYZER_NONNULL = YES;
				CLANG_ANALYZER_NUMBER_OBJECT_CONVERSION = YES_AGGRESSIVE;
				CLANG_CXX_LANGUAGE_STANDARD = "gnu++14";
				CLANG_CXX_LIBRARY = "libc++";
				CLANG_ENABLE_MODULES = YES;
				CLANG_ENABLE_OBJC_ARC = YES;
				CLANG_ENABLE_OBJC_WEAK = YES;
				CLANG_WARN_BLOCK_CAPTURE_AUTORELEASING = YES;
				CLANG_WARN_BOOL_CONVERSION = YES;
				CLANG_WARN_COMMA = YES;
				CLANG_WARN_CONSTANT_CONVERSION = YES;
				CLANG_WARN_DEPRECATED_OBJC_IMPLEMENTATIONS = YES;
				CLANG_WARN_DIRECT_OBJC_ISA_USAGE = YES_ERROR;
				CLANG_WARN_DOCUMENTATION_COMMENTS = YES;
				CLANG_WARN_EMPTY_BODY = YES;
				CLANG_WARN_ENUM_CONVERSION = YES;
				CLANG_WARN_INFINITE_RECURSION = YES;
				CLANG_WARN_INT_CONVERSION = YES;
				CLANG_WARN_NON_LITERAL_NULL_CONVERSION = YES;
				CLANG_WARN_OBJC_IMPLICIT_RETAIN_SELF = YES;
				CLANG_WARN_OBJC_LITERAL_CONVERSION = YES;
				CLANG_WARN_OBJC_ROOT_CLASS = YES_ERROR;
				CLANG_WARN_RANGE_LOOP_ANALYSIS = YES;
				CLANG_WARN_STRICT_PROTOTYPES = YES;
				CLANG_WARN_SUSPICIOUS_MOVE = YES;
				CLANG_WARN_UNGUARDED_AVAILABILITY = YES_AGGRESSIVE;
				CLANG_WARN_UNREACHABLE_CODE = YES;
				CLANG_WARN__DUPLICATE_METHOD_MATCH = YES;
				CODE_SIGN_IDENTITY = "iPhone Developer";
				COPY_PHASE_STRIP = NO;
				DEBUG_INFORMATION_FORMAT = "dwarf-with-dsym";
				ENABLE_NS_ASSERTIONS = NO;
				ENABLE_STRICT_OBJC_MSGSEND = YES;
				GCC_C_LANGUAGE_STANDARD = gnu11;
				GCC_NO_COMMON_BLOCKS = YES;
				GCC_WARN_64_TO_32_BIT_CONVERSION = YES;
				GCC_WARN_ABOUT_RETURN_TYPE = YES_ERROR;
				GCC_WARN_UNDECLARED_SELECTOR = YES;
				GCC_WARN_UNINITIALIZED_AUTOS = YES_AGGRESSIVE;
				GCC_WARN_UNUSED_FUNCTION = YES;
				GCC_WARN_UNUSED_VARIABLE = YES;
				IPHONEOS_DEPLOYMENT_TARGET = 12.2;
				MTL_ENABLE_DEBUG_INFO = NO;
				MTL_FAST_MATH = YES;
				SDKROOT = iphoneos;
				SWIFT_COMPILATION_MODE = wholemodule;
				SWIFT_OPTIMIZATION_LEVEL = "-O";
				VALIDATE_PRODUCT = YES;
			};
			name = Release;
		};
		3748BA0B22E9FC4B004C638E /* Debug */ = {
			isa = XCBuildConfiguration;
			buildSettings = {
				ASSETCATALOG_COMPILER_APPICON_NAME = AppIcon;
				CODE_SIGN_STYLE = Automatic;
				DEVELOPMENT_TEAM = 556R5LUMCJ;
				INFOPLIST_FILE = Weather/Info.plist;
				LD_RUNPATH_SEARCH_PATHS = (
					"$(inherited)",
					"@executable_path/Frameworks",
				);
				PRODUCT_BUNDLE_IDENTIFIER = com.amit.Weather;
				PRODUCT_NAME = "$(TARGET_NAME)";
				SWIFT_VERSION = 5.0;
				TARGETED_DEVICE_FAMILY = "1,2";
			};
			name = Debug;
		};
		3748BA0C22E9FC4B004C638E /* Release */ = {
			isa = XCBuildConfiguration;
			buildSettings = {
				ASSETCATALOG_COMPILER_APPICON_NAME = AppIcon;
				CODE_SIGN_STYLE = Automatic;
				DEVELOPMENT_TEAM = 556R5LUMCJ;
				INFOPLIST_FILE = Weather/Info.plist;
				LD_RUNPATH_SEARCH_PATHS = (
					"$(inherited)",
					"@executable_path/Frameworks",
				);
				PRODUCT_BUNDLE_IDENTIFIER = com.amit.Weather;
				PRODUCT_NAME = "$(TARGET_NAME)";
				SWIFT_VERSION = 5.0;
				TARGETED_DEVICE_FAMILY = "1,2";
			};
			name = Release;
		};
		3748BA0E22E9FC4B004C638E /* Debug */ = {
			isa = XCBuildConfiguration;
			buildSettings = {
				ALWAYS_EMBED_SWIFT_STANDARD_LIBRARIES = YES;
				BUNDLE_LOADER = "$(TEST_HOST)";
				CODE_SIGN_STYLE = Automatic;
				DEVELOPMENT_TEAM = 556R5LUMCJ;
				INFOPLIST_FILE = WeatherTests/Info.plist;
				LD_RUNPATH_SEARCH_PATHS = (
					"$(inherited)",
					"@executable_path/Frameworks",
					"@loader_path/Frameworks",
				);
				PRODUCT_BUNDLE_IDENTIFIER = com.amit.WeatherTests;
				PRODUCT_NAME = "$(TARGET_NAME)";
				SWIFT_VERSION = 5.0;
				TARGETED_DEVICE_FAMILY = "1,2";
				TEST_HOST = "$(BUILT_PRODUCTS_DIR)/Weather.app/Weather";
			};
			name = Debug;
		};
		3748BA0F22E9FC4B004C638E /* Release */ = {
			isa = XCBuildConfiguration;
			buildSettings = {
				ALWAYS_EMBED_SWIFT_STANDARD_LIBRARIES = YES;
				BUNDLE_LOADER = "$(TEST_HOST)";
				CODE_SIGN_STYLE = Automatic;
				DEVELOPMENT_TEAM = 556R5LUMCJ;
				INFOPLIST_FILE = WeatherTests/Info.plist;
				LD_RUNPATH_SEARCH_PATHS = (
					"$(inherited)",
					"@executable_path/Frameworks",
					"@loader_path/Frameworks",
				);
				PRODUCT_BUNDLE_IDENTIFIER = com.amit.WeatherTests;
				PRODUCT_NAME = "$(TARGET_NAME)";
				SWIFT_VERSION = 5.0;
				TARGETED_DEVICE_FAMILY = "1,2";
				TEST_HOST = "$(BUILT_PRODUCTS_DIR)/Weather.app/Weather";
			};
			name = Release;
		};
/* End XCBuildConfiguration section */

/* Begin XCConfigurationList section */
		3748B9E822E9FC48004C638E /* Build configuration list for PBXProject "Weather" */ = {
			isa = XCConfigurationList;
			buildConfigurations = (
				3748BA0822E9FC4B004C638E /* Debug */,
				3748BA0922E9FC4B004C638E /* Release */,
			);
			defaultConfigurationIsVisible = 0;
			defaultConfigurationName = Release;
		};
		3748BA0A22E9FC4B004C638E /* Build configuration list for PBXNativeTarget "Weather" */ = {
			isa = XCConfigurationList;
			buildConfigurations = (
				3748BA0B22E9FC4B004C638E /* Debug */,
				3748BA0C22E9FC4B004C638E /* Release */,
			);
			defaultConfigurationIsVisible = 0;
			defaultConfigurationName = Release;
		};
		3748BA0D22E9FC4B004C638E /* Build configuration list for PBXNativeTarget "WeatherTests" */ = {
			isa = XCConfigurationList;
			buildConfigurations = (
				3748BA0E22E9FC4B004C638E /* Debug */,
				3748BA0F22E9FC4B004C638E /* Release */,
			);
			defaultConfigurationIsVisible = 0;
			defaultConfigurationName = Release;
		};
/* End XCConfigurationList section */
	};
	rootObject = 3748B9E522E9FC48004C638E /* Project object */;
}
